PODS:
  - AFNetworking (3.2.1):
    - AFNetworking/NSURLSession (= 3.2.1)
    - AFNetworking/Reachability (= 3.2.1)
    - AFNetworking/Security (= 3.2.1)
    - AFNetworking/Serialization (= 3.2.1)
    - AFNetworking/UIKit (= 3.2.1)
  - AFNetworking/NSURLSession (3.2.1):
    - AFNetworking/Reachability
    - AFNetworking/Security
    - AFNetworking/Serialization
  - AFNetworking/Reachability (3.2.1)
  - AFNetworking/Security (3.2.1)
  - AFNetworking/Serialization (3.2.1)
  - AFNetworking/UIKit (3.2.1):
    - AFNetworking/NSURLSession
  - BeesKingLib (0.0.14):
    - BeesKingLib/BKCategorys (= 0.0.14)
    - BeesKingLib/BKCommon (= 0.0.14)
    - BeesKingLib/BKLargeImage (= 0.0.14)
    - BeesKingLib/BKMediator (= 0.0.14)
    - BeesKingLib/BKNetWork (= 0.0.14)
  - BeesKingLib/BKCategorys (0.0.14):
    - BeesKingLib/BKCategorys/BKCategory (= 0.0.14)
    - BeesKingLib/BKCategorys/BKSafeCategory (= 0.0.14)
  - BeesKingLib/BKCategorys/BKCategory (0.0.14)
  - BeesKingLib/BKCategorys/BKSafeCategory (0.0.14)
  - BeesKingLib/BKCommon (0.0.14)
  - BeesKingLib/BKLargeImage (0.0.14)
  - BeesKingLib/BKMediator (0.0.14)
  - BeesKingLib/BKNetWork (0.0.14):
    - AFNetworking
  - FBSnapshotTestCase (2.1.4):
    - FBSnapshotTestCase/SwiftSupport (= 2.1.4)
  - FBSnapshotTestCase/Core (2.1.4)
  - FBSnapshotTestCase/SwiftSupport (2.1.4):
    - FBSnapshotTestCase/Core

DEPENDENCIES:
  - BeesKingLib (from `../`)
  - FBSnapshotTestCase

SPEC REPOS:
  https://github.com/CocoaPods/Specs.git:
    - FBSnapshotTestCase
  trunk:
    - AFNetworking

EXTERNAL SOURCES:
  BeesKingLib:
    :path: "../"

SPEC CHECKSUMS:
  AFNetworking: b6f891fdfaed196b46c7a83cf209e09697b94057
  BeesKingLib: 6eaa2c7ae160c7fa90461086953e5a39af62c029
  FBSnapshotTestCase: 094f9f314decbabe373b87cc339bea235a63e07a

PODFILE CHECKSUM: a450e1b3ecf9b2cb965908be450994d5be82f218

COCOAPODS: 1.9.1
